
Microsoft Visual Studio Solution File, Format Version 12.00
# Visual Studio Version 16
VisualStudioVersion = 16.0.30907.101
MinimumVisualStudioVersion = 10.0.40219.1
Project("{FAE04EC0-301F-11D3-BF4B-00C04F79EFBC}") = "back-end", "back-end\back-end.csproj", "{15294C2E-E596-4470-AE81-6EA9F3101076}"
EndProject
Global
	GlobalSection(SolutionConfigurationPlatforms) = preSolution
		Debug|Any CPU = Debug|Any CPU
		Release|Any CPU = Release|Any CPU
	EndGlobalSection
	GlobalSection(ProjectConfigurationPlatforms) = postSolution
		{15294C2E-E596-4470-AE81-6EA9F3101076}.Debug|Any CPU.ActiveCfg = Debug|Any CPU
		{15294C2E-E596-4470-AE81-6EA9F3101076}.Debug|Any CPU.Build.0 = Debug|Any CPU
		{15294C2E-E596-4470-AE81-6EA9F3101076}.Release|Any CPU.ActiveCfg = Release|Any CPU
		{15294C2E-E596-4470-AE81-6EA9F3101076}.Release|Any CPU.Build.0 = Release|Any CPU
	EndGlobalSection
	GlobalSection(SolutionProperties) = preSolution
		HideSolutionNode = FALSE
	EndGlobalSection
	GlobalSection(ExtensibilityGlobals) = postSolution
		SolutionGuid = {127BEE0F-1B0E-4DEF-B862-70F45D0CE035}
	EndGlobalSection
EndGlobal
